{
  "nodes": {
    "flake-compat": {
      "flake": false,
      "locked": {
        "lastModified": 1673956053,
        "narHash": "sha256-4gtG9iQuiKITOjNQQeQIpoIB6b16fm+504Ch3sNKLd8=",
        "owner": "edolstra",
        "repo": "flake-compat",
        "rev": "35bb57c0c8d8b62bbfd284272c928ceb64ddbde9",
        "type": "github"
      },
      "original": {
        "owner": "edolstra",
        "repo": "flake-compat",
        "type": "github"
      }
    },
    "flake-utils": {
      "locked": {
        "lastModified": 1676283394,
        "narHash": "sha256-XX2f9c3iySLCw54rJ/CZs+ZK6IQy7GXNY4nSOyu2QG4=",
        "owner": "numtide",
        "repo": "flake-utils",
        "rev": "3db36a8b464d0c4532ba1c7dda728f4576d6d073",
        "type": "github"
      },
      "original": {
        "owner": "numtide",
        "repo": "flake-utils",
        "type": "github"
      }
    },
    "flake-utils_2": {
      "locked": {
        "lastModified": 1667395993,
        "narHash": "sha256-nuEHfE/LcWyuSWnS8t12N1wc105Qtau+/OdUAjtQ0rA=",
        "owner": "numtide",
        "repo": "flake-utils",
        "rev": "5aed5285a952e0b949eb3ba02c12fa4fcfef535f",
        "type": "github"
      },
      "original": {
        "owner": "numtide",
        "repo": "flake-utils",
        "type": "github"
      }
    },
    "flake-utils_3": {
      "locked": {
        "lastModified": 1667395993,
        "narHash": "sha256-nuEHfE/LcWyuSWnS8t12N1wc105Qtau+/OdUAjtQ0rA=",
        "owner": "numtide",
        "repo": "flake-utils",
        "rev": "5aed5285a952e0b949eb3ba02c12fa4fcfef535f",
        "type": "github"
      },
      "original": {
        "owner": "numtide",
        "repo": "flake-utils",
        "type": "github"
      }
    },
    "flake-utils_4": {
      "locked": {
        "lastModified": 1659877975,
        "narHash": "sha256-zllb8aq3YO3h8B/U0/J1WBgAL8EX5yWf5pMj3G0NAmc=",
        "owner": "numtide",
        "repo": "flake-utils",
        "rev": "c0e246b9b83f637f4681389ecabcb2681b4f3af0",
        "type": "github"
      },
      "original": {
        "owner": "numtide",
        "repo": "flake-utils",
        "type": "github"
      }
    },
    "home-manager": {
      "inputs": {
        "nixpkgs": [
          "nixpkgs"
        ],
        "utils": "utils"
      },
      "locked": {
        "lastModified": 1678185531,
        "narHash": "sha256-S9UgBQJcbf7rfy4I5FxvAmGjHeYq82dc3SBTPktbrt8=",
        "owner": "nix-community",
        "repo": "home-manager",
        "rev": "defd16c5d5b271ff6cd7f72a108f711ebf31c936",
        "type": "github"
      },
      "original": {
        "owner": "nix-community",
        "repo": "home-manager",
        "type": "github"
      }
    },
    "hypr-contrib": {
      "inputs": {
        "nixpkgs": "nixpkgs"
      },
      "locked": {
        "lastModified": 1677679546,
        "narHash": "sha256-L+QE6hIHxhYHWPA1jfgZsbQFYxheD/hzFhtwGFRdWOk=",
        "owner": "hyprwm",
        "repo": "contrib",
        "rev": "d4eccc8e7d31d30c7ce39dc2b864c4f23f173855",
        "type": "github"
      },
      "original": {
        "owner": "hyprwm",
        "repo": "contrib",
        "type": "github"
      }
    },
    "hyprland": {
      "inputs": {
        "hyprland-protocols": "hyprland-protocols",
        "nixpkgs": [
          "nixpkgs"
        ],
        "wlroots": "wlroots",
        "xdph": "xdph"
      },
      "locked": {
        "lastModified": 1678199050,
        "narHash": "sha256-4U0UDjSKcFgThNDY3JRf0D98sB4dqOiqqlbTGpKJ6hE=",
        "owner": "hyprwm",
        "repo": "Hyprland",
        "rev": "a85a6fa6c8ff9e51ba774cec112b408bce601451",
        "type": "github"
      },
      "original": {
        "owner": "hyprwm",
        "repo": "Hyprland",
        "type": "github"
      }
    },
    "hyprland-protocols": {
      "inputs": {
        "nixpkgs": [
          "hyprland",
          "nixpkgs"
        ]
      },
      "locked": {
        "lastModified": 1671839510,
        "narHash": "sha256-+PY1qqJfmZzzROgcIY4I7AkCwpnC+qBIYk2eFoA9RWc=",
        "owner": "hyprwm",
        "repo": "hyprland-protocols",
        "rev": "b8f55e02a328c47ed373133c52483bbfa20a1b75",
        "type": "github"
      },
      "original": {
        "owner": "hyprwm",
        "repo": "hyprland-protocols",
        "type": "github"
      }
    },
    "hyprpicker": {
      "inputs": {
        "nixpkgs": "nixpkgs_2"
      },
      "locked": {
        "lastModified": 1675424503,
        "narHash": "sha256-XbWDq5tCUWrb+AmQT9b66OGeYHipLRAukvbl9rzkwYg=",
        "owner": "hyprwm",
        "repo": "hyprpicker",
        "rev": "e4c267292a8b983bf84929fdce01cd2b7513518e",
        "type": "github"
      },
      "original": {
        "owner": "hyprwm",
        "repo": "hyprpicker",
        "type": "github"
      }
    },
    "impermanence": {
      "locked": {
        "lastModified": 1675359654,
        "narHash": "sha256-FPxzuvJkcO49g4zkWLSeuZkln54bLoTtrggZDJBH90I=",
        "owner": "nix-community",
        "repo": "impermanence",
        "rev": "6138eb8e737bffabd4c8fc78ae015d4fd6a7e2fd",
        "type": "github"
      },
      "original": {
        "owner": "nix-community",
        "repo": "impermanence",
        "type": "github"
      }
    },
    "neovim-flake": {
      "inputs": {
        "flake-utils": "flake-utils_2",
        "nixpkgs": [
          "neovim-nightly-overlay",
          "nixpkgs"
        ]
      },
      "locked": {
        "dir": "contrib",
        "lastModified": 1678169872,
        "narHash": "sha256-1gBfql5vPAty+sW2qFaUe4Th3d0iZ/FpBw+6f5YtEO0=",
        "owner": "neovim",
        "repo": "neovim",
        "rev": "706bcab75eaad2c370d61bf828531054439d3a3e",
        "type": "github"
      },
      "original": {
        "dir": "contrib",
        "owner": "neovim",
        "repo": "neovim",
        "type": "github"
      }
    },
    "neovim-nightly-overlay": {
      "inputs": {
        "flake-compat": "flake-compat",
        "neovim-flake": "neovim-flake",
        "nixpkgs": "nixpkgs_3"
      },
      "locked": {
        "lastModified": 1678176980,
        "narHash": "sha256-7VXGY37a1wofZFzq6WUCvaSfA5Og9fRX0hWiIlZ7MtY=",
        "owner": "nix-community",
        "repo": "neovim-nightly-overlay",
        "rev": "ab1152d419946ed15e2ca4e72741c4973ff15012",
        "type": "github"
      },
      "original": {
        "owner": "nix-community",
        "repo": "neovim-nightly-overlay",
        "type": "github"
      }
    },
    "nixpkgs": {
      "locked": {
        "lastModified": 1658161305,
        "narHash": "sha256-X/nhnMCa1Wx4YapsspyAs6QYz6T/85FofrI6NpdPDHg=",
        "owner": "NixOS",
        "repo": "nixpkgs",
        "rev": "e4d49de45a3b5dbcb881656b4e3986e666141ea9",
        "type": "github"
      },
      "original": {
        "owner": "NixOS",
        "ref": "nixos-unstable",
        "repo": "nixpkgs",
        "type": "github"
      }
    },
    "nixpkgs-stable": {
      "locked": {
        "lastModified": 1677948530,
        "narHash": "sha256-BkQjq8AGHD55RJe4PUnrWRZZ8jS64p/k0bGDck5wKwY=",
        "owner": "NixOS",
        "repo": "nixpkgs",
        "rev": "d51554151a91cd4543a7620843cc378e3cbc767e",
        "type": "github"
      },
      "original": {
        "owner": "NixOS",
        "ref": "release-22.11",
        "repo": "nixpkgs",
        "type": "github"
      }
    },
    "nixpkgs_2": {
      "locked": {
        "lastModified": 1662019588,
        "narHash": "sha256-oPEjHKGGVbBXqwwL+UjsveJzghWiWV0n9ogo1X6l4cw=",
        "owner": "NixOS",
        "repo": "nixpkgs",
        "rev": "2da64a81275b68fdad38af669afeda43d401e94b",
        "type": "github"
      },
      "original": {
        "owner": "NixOS",
        "ref": "nixos-unstable",
        "repo": "nixpkgs",
        "type": "github"
      }
    },
    "nixpkgs_3": {
      "locked": {
        "lastModified": 1678086707,
        "narHash": "sha256-y1uXdxzinIne4FW3TF7DCtxEB9gAbQ4qnbpYzhvkFm8=",
        "owner": "nixos",
        "repo": "nixpkgs",
        "rev": "21eda9bc80bef824a037582b1e5a43ba74e92daa",
        "type": "github"
      },
      "original": {
        "owner": "nixos",
        "ref": "nixpkgs-unstable",
        "repo": "nixpkgs",
        "type": "github"
      }
    },
    "nixpkgs_4": {
      "locked": {
        "lastModified": 1678111249,
        "narHash": "sha256-ZTIbK7vthZwti5XeLZE+twkb4l44q01q2XoLMmmJe94=",
        "owner": "nixos",
        "repo": "nixpkgs",
        "rev": "a028e2873d7fcf44e66b784b4ba061824315537f",
        "type": "github"
      },
      "original": {
        "owner": "nixos",
        "ref": "nixos-unstable",
        "repo": "nixpkgs",
        "type": "github"
      }
    },
    "nixpkgs_5": {
      "locked": {
        "lastModified": 1675942811,
        "narHash": "sha256-/v4Z9mJmADTpXrdIlAjFa1e+gkpIIROR670UVDQFwIw=",
        "owner": "NixOS",
        "repo": "nixpkgs",
        "rev": "724bfc0892363087709bd3a5a1666296759154b1",
        "type": "github"
      },
      "original": {
        "id": "nixpkgs",
        "ref": "nixos-unstable",
        "type": "indirect"
      }
    },
    "nixpkgs_6": {
      "locked": {
        "lastModified": 1665296151,
        "narHash": "sha256-uOB0oxqxN9K7XGF1hcnY+PQnlQJ+3bP2vCn/+Ru/bbc=",
        "owner": "NixOS",
        "repo": "nixpkgs",
        "rev": "14ccaaedd95a488dd7ae142757884d8e125b3363",
        "type": "github"
      },
      "original": {
        "owner": "NixOS",
        "ref": "nixpkgs-unstable",
        "repo": "nixpkgs",
        "type": "github"
      }
    },
    "nixpkgs_7": {
      "locked": {
        "lastModified": 1677852945,
        "narHash": "sha256-liiVJjkBTuBTAkRW3hrI8MbPD2ImYzwUpa7kvteiKhM=",
        "owner": "NixOS",
        "repo": "nixpkgs",
        "rev": "f5ffd5787786dde3a8bf648c7a1b5f78c4e01abb",
        "type": "github"
      },
      "original": {
        "owner": "NixOS",
        "ref": "nixpkgs-unstable",
        "repo": "nixpkgs",
        "type": "github"
      }
    },
    "nur": {
      "locked": {
        "lastModified": 1678250746,
        "narHash": "sha256-y2zMq3nLmeUADiW+pzKdPcL0ef4yGnCWBL2lCQNncRs=",
        "owner": "nix-community",
        "repo": "NUR",
        "rev": "b4d5a23d29441307454da9fecdb3dd7e06f30671",
        "type": "github"
      },
      "original": {
        "owner": "nix-community",
        "repo": "NUR",
        "type": "github"
      }
    },
    "picom": {
      "inputs": {
        "flake-utils": "flake-utils_3",
        "nixpkgs": "nixpkgs_5"
      },
      "locked": {
        "lastModified": 1676292705,
        "narHash": "sha256-lrkwimTkjYlIDga8k0VNXR19CgVQlJUxMElvs9EblE8=",
        "owner": "yaocccc",
        "repo": "picom",
        "rev": "c25f2310d27e5e36b0e1680c6a8b38995dd710b6",
        "type": "github"
      },
      "original": {
        "owner": "yaocccc",
        "repo": "picom",
        "type": "github"
      }
    },
    "root": {
      "inputs": {
        "flake-utils": "flake-utils",
        "home-manager": "home-manager",
        "hypr-contrib": "hypr-contrib",
        "hyprland": "hyprland",
        "hyprpicker": "hyprpicker",
        "impermanence": "impermanence",
        "neovim-nightly-overlay": "neovim-nightly-overlay",
        "nixpkgs": "nixpkgs_4",
        "nur": "nur",
        "picom": "picom",
        "rust-overlay": "rust-overlay",
        "sops-nix": "sops-nix"
      }
    },
    "rust-overlay": {
      "inputs": {
        "flake-utils": "flake-utils_4",
        "nixpkgs": "nixpkgs_6"
      },
      "locked": {
        "lastModified": 1678242776,
        "narHash": "sha256-36K1Rg2vM+NLqORSBL4e3aZHmgkb6aS9upHsuG4Akns=",
        "owner": "oxalica",
        "repo": "rust-overlay",
        "rev": "ea311f10a5d51e7588799281bab0556b4e978d00",
        "type": "github"
      },
      "original": {
        "owner": "oxalica",
        "repo": "rust-overlay",
        "type": "github"
      }
    },
    "sops-nix": {
      "inputs": {
        "nixpkgs": "nixpkgs_7",
        "nixpkgs-stable": "nixpkgs-stable"
      },
      "locked": {
        "lastModified": 1677987270,
        "narHash": "sha256-NRqhY8jbrmP1C6oiVqv1T0T1r560eo4ZpmEdHoQmKj4=",
        "owner": "Mic92",
        "repo": "sops-nix",
        "rev": "7cff56b43952edc5a2c212076d5fc922f764240f",
        "type": "github"
      },
      "original": {
        "owner": "Mic92",
        "repo": "sops-nix",
        "type": "github"
      }
    },
    "utils": {
      "locked": {
        "lastModified": 1676283394,
        "narHash": "sha256-XX2f9c3iySLCw54rJ/CZs+ZK6IQy7GXNY4nSOyu2QG4=",
        "owner": "numtide",
        "repo": "flake-utils",
        "rev": "3db36a8b464d0c4532ba1c7dda728f4576d6d073",
        "type": "github"
      },
      "original": {
        "owner": "numtide",
        "repo": "flake-utils",
        "type": "github"
      }
    },
    "wlroots": {
      "flake": false,
      "locked": {
        "host": "gitlab.freedesktop.org",
        "lastModified": 1677789111,
        "narHash": "sha256-dWrk+Q3bLdtFe5rkyaAKWCQJCeE/KFNllcu1DvBC38c=",
        "owner": "wlroots",
        "repo": "wlroots",
        "rev": "5ae17de23f5fd9bb252a698f3771c840280e2c05",
        "type": "gitlab"
      },
      "original": {
        "host": "gitlab.freedesktop.org",
        "owner": "wlroots",
        "repo": "wlroots",
        "type": "gitlab"
      }
    },
    "xdph": {
      "inputs": {
        "hyprland-protocols": [
          "hyprland",
          "hyprland-protocols"
        ],
        "nixpkgs": [
          "hyprland",
          "nixpkgs"
        ]
      },
      "locked": {
        "lastModified": 1673116118,
        "narHash": "sha256-eR0yDSkR2XYMesfdRWJs25kAdXET2mbNNHu5t+KUcKA=",
        "owner": "hyprwm",
        "repo": "xdg-desktop-portal-hyprland",
        "rev": "d479c846531fd0e1d2357c9588b8310a2b859ef2",
        "type": "github"
      },
      "original": {
        "owner": "hyprwm",
        "repo": "xdg-desktop-portal-hyprland",
        "type": "github"
      }
    }
  },
  "root": "root",
  "version": 7
}
